
Microsoft Visual Studio Solution File, Format Version 12.00
# Visual Studio Version 17
VisualStudioVersion = 17.4.33205.214
MinimumVisualStudioVersion = 10.0.40219.1
Project("{9A19103F-16F7-4668-BE54-9A1E7A4F7556}") = "beeOSferaWeb", "beeOSferaWeb\beeOSferaWeb.csproj", "{4BFA836B-E07E-4991-A32F-62E604A5FB15}"
EndProject
Global
	GlobalSection(SolutionConfigurationPlatforms) = preSolution
		Debug|Any CPU = Debug|Any CPU
		Release|Any CPU = Release|Any CPU
	EndGlobalSection
	GlobalSection(ProjectConfigurationPlatforms) = postSolution
		{4BFA836B-E07E-4991-A32F-62E604A5FB15}.Debug|Any CPU.ActiveCfg = Debug|Any CPU
		{4BFA836B-E07E-4991-A32F-62E604A5FB15}.Debug|Any CPU.Build.0 = Debug|Any CPU
		{4BFA836B-E07E-4991-A32F-62E604A5FB15}.Release|Any CPU.ActiveCfg = Release|Any CPU
		{4BFA836B-E07E-4991-A32F-62E604A5FB15}.Release|Any CPU.Build.0 = Release|Any CPU
	EndGlobalSection
	GlobalSection(SolutionProperties) = preSolution
		HideSolutionNode = FALSE
	EndGlobalSection
	GlobalSection(ExtensibilityGlobals) = postSolution
		SolutionGuid = {7F230EF6-9B99-4217-A46D-62F7C881F3B5}
	EndGlobalSection
EndGlobal
